
Microsoft Visual Studio Solution File, Format Version 12.00
# Visual Studio Version 16
VisualStudioVersion = 16.0.29728.190
MinimumVisualStudioVersion = 10.0.40219.1
Project("{8BC9CEB8-8B4A-11D0-8D11-00A0C91BC942}") = "PavlikChristineI,P,andVF", "PavlikChristineI,P,andVF\PavlikChristineI,P,andVF.vcxproj", "{E44EF91F-CCCD-44E5-8F80-8C687EFDD32D}"
EndProject
Global
	GlobalSection(SolutionConfigurationPlatforms) = preSolution
		Debug|x64 = Debug|x64
		Debug|x86 = Debug|x86
		Release|x64 = Release|x64
		Release|x86 = Release|x86
	EndGlobalSection
	GlobalSection(ProjectConfigurationPlatforms) = postSolution
		{E44EF91F-CCCD-44E5-8F80-8C687EFDD32D}.Debug|x64.ActiveCfg = Debug|x64
		{E44EF91F-CCCD-44E5-8F80-8C687EFDD32D}.Debug|x64.Build.0 = Debug|x64
		{E44EF91F-CCCD-44E5-8F80-8C687EFDD32D}.Debug|x86.ActiveCfg = Debug|Win32
		{E44EF91F-CCCD-44E5-8F80-8C687EFDD32D}.Debug|x86.Build.0 = Debug|Win32
		{E44EF91F-CCCD-44E5-8F80-8C687EFDD32D}.Release|x64.ActiveCfg = Release|x64
		{E44EF91F-CCCD-44E5-8F80-8C687EFDD32D}.Release|x64.Build.0 = Release|x64
		{E44EF91F-CCCD-44E5-8F80-8C687EFDD32D}.Release|x86.ActiveCfg = Release|Win32
		{E44EF91F-CCCD-44E5-8F80-8C687EFDD32D}.Release|x86.Build.0 = Release|Win32
	EndGlobalSection
	GlobalSection(SolutionProperties) = preSolution
		HideSolutionNode = FALSE
	EndGlobalSection
	GlobalSection(ExtensibilityGlobals) = postSolution
		SolutionGuid = {FB3D2790-9741-4865-842E-0861144097D4}
	EndGlobalSection
EndGlobal
